
Microsoft Visual Studio Solution File, Format Version 10.00
# Visual C++ Express 2008
Project("{8BC9CEB8-8B4A-11D0-8D11-00A0C91BC942}") = "optlink_vs08", "optlink_vs08.vcproj", "{199BFA3A-EBE1-4FB0-90FD-DE50ED4079AA}"
EndProject
Global
	GlobalSection(SolutionConfigurationPlatforms) = preSolution
		Debug|Win32 = Debug|Win32
		Release|Win32 = Release|Win32
	EndGlobalSection
	GlobalSection(ProjectConfigurationPlatforms) = postSolution
		{199BFA3A-EBE1-4FB0-90FD-DE50ED4079AA}.Debug|Win32.ActiveCfg = Debug|Win32
		{199BFA3A-EBE1-4FB0-90FD-DE50ED4079AA}.Debug|Win32.Build.0 = Debug|Win32
		{199BFA3A-EBE1-4FB0-90FD-DE50ED4079AA}.Release|Win32.ActiveCfg = Release|Win32
		{199BFA3A-EBE1-4FB0-90FD-DE50ED4079AA}.Release|Win32.Build.0 = Release|Win32
	EndGlobalSection
	GlobalSection(SolutionProperties) = preSolution
		HideSolutionNode = FALSE
	EndGlobalSection
EndGlobal
